// !$*UTF8*$!
{
	archiveVersion = 1;
	classes = {
	};
	objectVersion = 46;
	objects = {

/* Begin PBXBuildFile section */
		41BEA0C81B16372400634CE6 /* main.m in Sources */ = {isa = PBXBuildFile; fileRef = 41BEA0C71B16372400634CE6 /* main.m */; };
		41BEA0CB1B16372400634CE6 /* AppDelegate.m in Sources */ = {isa = PBXBuildFile; fileRef = 41BEA0CA1B16372400634CE6 /* AppDelegate.m */; };
		41BEA0CE1B16372400634CE6 /* ViewController.m in Sources */ = {isa = PBXBuildFile; fileRef = 41BEA0CD1B16372400634CE6 /* ViewController.m */; };
		41BEA0D11B16372400634CE6 /* Main.storyboard in Resources */ = {isa = PBXBuildFile; fileRef = 41BEA0CF1B16372400634CE6 /* Main.storyboard */; };
		41BEA0D31B16372400634CE6 /* Images.xcassets in Resources */ = {isa = PBXBuildFile; fileRef = 41BEA0D21B16372400634CE6 /* Images.xcassets */; };
		41BEA0D61B16372400634CE6 /* LaunchScreen.xib in Resources */ = {isa = PBXBuildFile; fileRef = 41BEA0D41B16372400634CE6 /* LaunchScreen.xib */; };
		41BEA0E21B16372400634CE6 /* Foursquare_explorerTests.m in Sources */ = {isa = PBXBuildFile; fileRef = 41BEA0E11B16372400634CE6 /* Foursquare_explorerTests.m */; };
/* End PBXBuildFile section */

/* Begin PBXContainerItemProxy section */
		41BEA0DC1B16372400634CE6 /* PBXContainerItemProxy */ = {
			isa = PBXContainerItemProxy;
			containerPortal = 41BEA0BA1B16372400634CE6 /* Project object */;
			proxyType = 1;
			remoteGlobalIDString = 41BEA0C11B16372400634CE6;
			remoteInfo = "Foursquare explorer";
		};
/* End PBXContainerItemProxy section */

/* Begin PBXFileReference section */
		41BEA0C21B16372400634CE6 /* Foursquare explorer.app */ = {isa = PBXFileReference; explicitFileType = wrapper.application; includeInIndex = 0; path = "Foursquare explorer.app"; sourceTree = BUILT_PRODUCTS_DIR; };
		41BEA0C61B16372400634CE6 /* Info.plist */ = {isa = PBXFileReference; lastKnownFileType = text.plist.xml; path = Info.plist; sourceTree = "<group>"; };
		41BEA0C71B16372400634CE6 /* main.m */ = {isa = PBXFileReference; lastKnownFileType = sourcecode.c.objc; path = main.m; sourceTree = "<group>"; };
		41BEA0C91B16372400634CE6 /* AppDelegate.h */ = {isa = PBXFileReference; lastKnownFileType = sourcecode.c.h; path = AppDelegate.h; sourceTree = "<group>"; };
		41BEA0CA1B16372400634CE6 /* AppDelegate.m */ = {isa = PBXFileReference; lastKnownFileType = sourcecode.c.objc; path = AppDelegate.m; sourceTree = "<group>"; };
		41BEA0CC1B16372400634CE6 /* ViewController.h */ = {isa = PBXFileReference; lastKnownFileType = sourcecode.c.h; path = ViewController.h; sourceTree = "<group>"; };
		41BEA0CD1B16372400634CE6 /* ViewController.m */ = {isa = PBXFileReference; lastKnownFileType = sourcecode.c.objc; path = ViewController.m; sourceTree = "<group>"; };
		41BEA0D01B16372400634CE6 /* Base */ = {isa = PBXFileReference; lastKnownFileType = file.storyboard; name = Base; path = Base.lproj/Main.storyboard; sourceTree = "<group>"; };
		41BEA0D21B16372400634CE6 /* Images.xcassets */ = {isa = PBXFileReference; lastKnownFileType = folder.assetcatalog; path = Images.xcassets; sourceTree = "<group>"; };
		41BEA0D51B16372400634CE6 /* Base */ = {isa = PBXFileReference; lastKnownFileType = file.xib; name = Base; path = Base.lproj/LaunchScreen.xib; sourceTree = "<group>"; };
		41BEA0DB1B16372400634CE6 /* Foursquare explorerTests.xctest */ = {isa = PBXFileReference; explicitFileType = wrapper.cfbundle; includeInIndex = 0; path = "Foursquare explorerTests.xctest"; sourceTree = BUILT_PRODUCTS_DIR; };
		41BEA0E01B16372400634CE6 /* Info.plist */ = {isa = PBXFileReference; lastKnownFileType = text.plist.xml; path = Info.plist; sourceTree = "<group>"; };
		41BEA0E11B16372400634CE6 /* Foursquare_explorerTests.m */ = {isa = PBXFileReference; lastKnownFileType = sourcecode.c.objc; path = Foursquare_explorerTests.m; sourceTree = "<group>"; };
/* End PBXFileReference section */

/* Begin PBXFrameworksBuildPhase section */
		41BEA0BF1B16372400634CE6 /* Frameworks */ = {
			isa = PBXFrameworksBuildPhase;
			buildActionMask = 2147483647;
			files = (
			);
			runOnlyForDeploymentPostprocessing = 0;
		};
		41BEA0D81B16372400634CE6 /* Frameworks */ = {
			isa = PBXFrameworksBuildPhase;
			buildActionMask = 2147483647;
			files = (
			);
			runOnlyForDeploymentPostprocessing = 0;
		};
/* End PBXFrameworksBuildPhase section */

/* Begin PBXGroup section */
		41BEA0B91B16372400634CE6 = {
			isa = PBXGroup;
			children = (
				41BEA0C41B16372400634CE6 /* Foursquare explorer */,
				41BEA0DE1B16372400634CE6 /* Foursquare explorerTests */,
				41BEA0C31B16372400634CE6 /* Products */,
			);
			sourceTree = "<group>";
		};
		41BEA0C31B16372400634CE6 /* Products */ = {
			isa = PBXGroup;
			children = (
				41BEA0C21B16372400634CE6 /* Foursquare explorer.app */,
				41BEA0DB1B16372400634CE6 /* Foursquare explorerTests.xctest */,
			);
			name = Products;
			sourceTree = "<group>";
		};
		41BEA0C41B16372400634CE6 /* Foursquare explorer */ = {
			isa = PBXGroup;
			children = (
				41BEA0C91B16372400634CE6 /* AppDelegate.h */,
				41BEA0CA1B16372400634CE6 /* AppDelegate.m */,
				41BEA0CC1B16372400634CE6 /* ViewController.h */,
				41BEA0CD1B16372400634CE6 /* ViewController.m */,
				41BEA0CF1B16372400634CE6 /* Main.storyboard */,
				41BEA0D21B16372400634CE6 /* Images.xcassets */,
				41BEA0D41B16372400634CE6 /* LaunchScreen.xib */,
				41BEA0C51B16372400634CE6 /* Supporting Files */,
			);
			path = "Foursquare explorer";
			sourceTree = "<group>";
		};
		41BEA0C51B16372400634CE6 /* Supporting Files */ = {
			isa = PBXGroup;
			children = (
				41BEA0C61B16372400634CE6 /* Info.plist */,
				41BEA0C71B16372400634CE6 /* main.m */,
			);
			name = "Supporting Files";
			sourceTree = "<group>";
		};
		41BEA0DE1B16372400634CE6 /* Foursquare explorerTests */ = {
			isa = PBXGroup;
			children = (
				41BEA0E11B16372400634CE6 /* Foursquare_explorerTests.m */,
				41BEA0DF1B16372400634CE6 /* Supporting Files */,
			);
			path = "Foursquare explorerTests";
			sourceTree = "<group>";
		};
		41BEA0DF1B16372400634CE6 /* Supporting Files */ = {
			isa = PBXGroup;
			children = (
				41BEA0E01B16372400634CE6 /* Info.plist */,
			);
			name = "Supporting Files";
			sourceTree = "<group>";
		};
/* End PBXGroup section */

/* Begin PBXNativeTarget section */
		41BEA0C11B16372400634CE6 /* Foursquare explorer */ = {
			isa = PBXNativeTarget;
			buildConfigurationList = 41BEA0E51B16372400634CE6 /* Build configuration list for PBXNativeTarget "Foursquare explorer" */;
			buildPhases = (
				41BEA0BE1B16372400634CE6 /* Sources */,
				41BEA0BF1B16372400634CE6 /* Frameworks */,
				41BEA0C01B16372400634CE6 /* Resources */,
			);
			buildRules = (
			);
			dependencies = (
			);
			name = "Foursquare explorer";
			productName = "Foursquare explorer";
			productReference = 41BEA0C21B16372400634CE6 /* Foursquare explorer.app */;
			productType = "com.apple.product-type.application";
		};
		41BEA0DA1B16372400634CE6 /* Foursquare explorerTests */ = {
			isa = PBXNativeTarget;
			buildConfigurationList = 41BEA0E81B16372400634CE6 /* Build configuration list for PBXNativeTarget "Foursquare explorerTests" */;
			buildPhases = (
				41BEA0D71B16372400634CE6 /* Sources */,
				41BEA0D81B16372400634CE6 /* Frameworks */,
				41BEA0D91B16372400634CE6 /* Resources */,
			);
			buildRules = (
			);
			dependencies = (
				41BEA0DD1B16372400634CE6 /* PBXTargetDependency */,
			);
			name = "Foursquare explorerTests";
			productName = "Foursquare explorerTests";
			productReference = 41BEA0DB1B16372400634CE6 /* Foursquare explorerTests.xctest */;
			productType = "com.apple.product-type.bundle.unit-test";
		};
/* End PBXNativeTarget section */

/* Begin PBXProject section */
		41BEA0BA1B16372400634CE6 /* Project object */ = {
			isa = PBXProject;
			attributes = {
				LastUpgradeCheck = 0630;
				ORGANIZATIONNAME = "Ali Adam";
				TargetAttributes = {
					41BEA0C11B16372400634CE6 = {
						CreatedOnToolsVersion = 6.3;
					};
					41BEA0DA1B16372400634CE6 = {
						CreatedOnToolsVersion = 6.3;
						TestTargetID = 41BEA0C11B16372400634CE6;
					};
				};
			};
			buildConfigurationList = 41BEA0BD1B16372400634CE6 /* Build configuration list for PBXProject "Foursquare explorer" */;
			compatibilityVersion = "Xcode 3.2";
			developmentRegion = English;
			hasScannedForEncodings = 0;
			knownRegions = (
				en,
				Base,
			);
			mainGroup = 41BEA0B91B16372400634CE6;
			productRefGroup = 41BEA0C31B16372400634CE6 /* Products */;
			projectDirPath = "";
			projectRoot = "";
			targets = (
				41BEA0C11B16372400634CE6 /* Foursquare explorer */,
				41BEA0DA1B16372400634CE6 /* Foursquare explorerTests */,
			);
		};
/* End PBXProject section */

/* Begin PBXResourcesBuildPhase section */
		41BEA0C01B16372400634CE6 /* Resources */ = {
			isa = PBXResourcesBuildPhase;
			buildActionMask = 2147483647;
			files = (
				41BEA0D11B16372400634CE6 /* Main.storyboard in Resources */,
				41BEA0D61B16372400634CE6 /* LaunchScreen.xib in Resources */,
				41BEA0D31B16372400634CE6 /* Images.xcassets in Resources */,
			);
			runOnlyForDeploymentPostprocessing = 0;
		};
		41BEA0D91B16372400634CE6 /* Resources */ = {
			isa = PBXResourcesBuildPhase;
			buildActionMask = 2147483647;
			files = (
			);
			runOnlyForDeploymentPostprocessing = 0;
		};
/* End PBXResourcesBuildPhase section */

/* Begin PBXSourcesBuildPhase section */
		41BEA0BE1B16372400634CE6 /* Sources */ = {
			isa = PBXSourcesBuildPhase;
			buildActionMask = 2147483647;
			files = (
				41BEA0CE1B16372400634CE6 /* ViewController.m in Sources */,
				41BEA0CB1B16372400634CE6 /* AppDelegate.m in Sources */,
				41BEA0C81B16372400634CE6 /* main.m in Sources */,
			);
			runOnlyForDeploymentPostprocessing = 0;
		};
		41BEA0D71B16372400634CE6 /* Sources */ = {
			isa = PBXSourcesBuildPhase;
			buildActionMask = 2147483647;
			files = (
				41BEA0E21B16372400634CE6 /* Foursquare_explorerTests.m in Sources */,
			);
			runOnlyForDeploymentPostprocessing = 0;
		};
/* End PBXSourcesBuildPhase section */

/* Begin PBXTargetDependency section */
		41BEA0DD1B16372400634CE6 /* PBXTargetDependency */ = {
			isa = PBXTargetDependency;
			target = 41BEA0C11B16372400634CE6 /* Foursquare explorer */;
			targetProxy = 41BEA0DC1B16372400634CE6 /* PBXContainerItemProxy */;
		};
/* End PBXTargetDependency section */

/* Begin PBXVariantGroup section */
		41BEA0CF1B16372400634CE6 /* Main.storyboard */ = {
			isa = PBXVariantGroup;
			children = (
				41BEA0D01B16372400634CE6 /* Base */,
			);
			name = Main.storyboard;
			sourceTree = "<group>";
		};
		41BEA0D41B16372400634CE6 /* LaunchScreen.xib */ = {
			isa = PBXVariantGroup;
			children = (
				41BEA0D51B16372400634CE6 /* Base */,
			);
			name = LaunchScreen.xib;
			sourceTree = "<group>";
		};
/* End PBXVariantGroup section */

/* Begin XCBuildConfiguration section */
		41BEA0E31B16372400634CE6 /* Debug */ = {
			isa = XCBuildConfiguration;
			buildSettings = {
				ALWAYS_SEARCH_USER_PATHS = NO;
				CLANG_CXX_LANGUAGE_STANDARD = "gnu++0x";
				CLANG_CXX_LIBRARY = "libc++";
				CLANG_ENABLE_MODULES = YES;
				CLANG_ENABLE_OBJC_ARC = YES;
				CLANG_WARN_BOOL_CONVERSION = YES;
				CLANG_WARN_CONSTANT_CONVERSION = YES;
				CLANG_WARN_DIRECT_OBJC_ISA_USAGE = YES_ERROR;
				CLANG_WARN_EMPTY_BODY = YES;
				CLANG_WARN_ENUM_CONVERSION = YES;
				CLANG_WARN_INT_CONVERSION = YES;
				CLANG_WARN_OBJC_ROOT_CLASS = YES_ERROR;
				CLANG_WARN_UNREACHABLE_CODE = YES;
				CLANG_WARN__DUPLICATE_METHOD_MATCH = YES;
				"CODE_SIGN_IDENTITY[sdk=iphoneos*]" = "iPhone Developer";
				COPY_PHASE_STRIP = NO;
				DEBUG_INFORMATION_FORMAT = "dwarf-with-dsym";
				ENABLE_STRICT_OBJC_MSGSEND = YES;
				GCC_C_LANGUAGE_STANDARD = gnu99;
				GCC_DYNAMIC_NO_PIC = NO;
				GCC_NO_COMMON_BLOCKS = YES;
				GCC_OPTIMIZATION_LEVEL = 0;
				GCC_PREPROCESSOR_DEFINITIONS = (
					"DEBUG=1",
					"$(inherited)",
				);
				GCC_SYMBOLS_PRIVATE_EXTERN = NO;
				GCC_WARN_64_TO_32_BIT_CONVERSION = YES;
				GCC_WARN_ABOUT_RETURN_TYPE = YES_ERROR;
				GCC_WARN_UNDECLARED_SELECTOR = YES;
				GCC_WARN_UNINITIALIZED_AUTOS = YES_AGGRESSIVE;
				GCC_WARN_UNUSED_FUNCTION = YES;
				GCC_WARN_UNUSED_VARIABLE = YES;
				IPHONEOS_DEPLOYMENT_TARGET = 8.3;
				MTL_ENABLE_DEBUG_INFO = YES;
				ONLY_ACTIVE_ARCH = YES;
				SDKROOT = iphoneos;
			};
			name = Debug;
		};
		41BEA0E41B16372400634CE6 /* Release */ = {
			isa = XCBuildConfiguration;
			buildSettings = {
				ALWAYS_SEARCH_USER_PATHS = NO;
				CLANG_CXX_LANGUAGE_STANDARD = "gnu++0x";
				CLANG_CXX_LIBRARY = "libc++";
				CLANG_ENABLE_MODULES = YES;
				CLANG_ENABLE_OBJC_ARC = YES;
				CLANG_WARN_BOOL_CONVERSION = YES;
				CLANG_WARN_CONSTANT_CONVERSION = YES;
				CLANG_WARN_DIRECT_OBJC_ISA_USAGE = YES_ERROR;
				CLANG_WARN_EMPTY_BODY = YES;
				CLANG_WARN_ENUM_CONVERSION = YES;
				CLANG_WARN_INT_CONVERSION = YES;
				CLANG_WARN_OBJC_ROOT_CLASS = YES_ERROR;
				CLANG_WARN_UNREACHABLE_CODE = YES;
				CLANG_WARN__DUPLICATE_METHOD_MATCH = YES;
				"CODE_SIGN_IDENTITY[sdk=iphoneos*]" = "iPhone Developer";
				COPY_PHASE_STRIP = NO;
				DEBUG_INFORMATION_FORMAT = "dwarf-with-dsym";
				ENABLE_NS_ASSERTIONS = NO;
				ENABLE_STRICT_OBJC_MSGSEND = YES;
				GCC_C_LANGUAGE_STANDARD = gnu99;
				GCC_NO_COMMON_BLOCKS = YES;
				GCC_WARN_64_TO_32_BIT_CONVERSION = YES;
				GCC_WARN_ABOUT_RETURN_TYPE = YES_ERROR;
				GCC_WARN_UNDECLARED_SELECTOR = YES;
				GCC_WARN_UNINITIALIZED_AUTOS = YES_AGGRESSIVE;
				GCC_WARN_UNUSED_FUNCTION = YES;
				GCC_WARN_UNUSED_VARIABLE = YES;
				IPHONEOS_DEPLOYMENT_TARGET = 8.3;
				MTL_ENABLE_DEBUG_INFO = NO;
				SDKROOT = iphoneos;
				VALIDATE_PRODUCT = YES;
			};
			name = Release;
		};
		41BEA0E61B16372400634CE6 /* Debug */ = {
			isa = XCBuildConfiguration;
			buildSettings = {
				ASSETCATALOG_COMPILER_APPICON_NAME = AppIcon;
				INFOPLIST_FILE = "Foursquare explorer/Info.plist";
				LD_RUNPATH_SEARCH_PATHS = "$(inherited) @executable_path/Frameworks";
				PRODUCT_NAME = "$(TARGET_NAME)";
			};
			name = Debug;
		};
		41BEA0E71B16372400634CE6 /* Release */ = {
			isa = XCBuildConfiguration;
			buildSettings = {
				ASSETCATALOG_COMPILER_APPICON_NAME = AppIcon;
				INFOPLIST_FILE = "Foursquare explorer/Info.plist";
				LD_RUNPATH_SEARCH_PATHS = "$(inherited) @executable_path/Frameworks";
				PRODUCT_NAME = "$(TARGET_NAME)";
			};
			name = Release;
		};
		41BEA0E91B16372400634CE6 /* Debug */ = {
			isa = XCBuildConfiguration;
			buildSettings = {
				BUNDLE_LOADER = "$(TEST_HOST)";
				FRAMEWORK_SEARCH_PATHS = (
					"$(SDKROOT)/Developer/Library/Frameworks",
					"$(inherited)",
				);
				GCC_PREPROCESSOR_DEFINITIONS = (
					"DEBUG=1",
					"$(inherited)",
				);
				INFOPLIST_FILE = "Foursquare explorerTests/Info.plist";
				LD_RUNPATH_SEARCH_PATHS = "$(inherited) @executable_path/Frameworks @loader_path/Frameworks";
				PRODUCT_NAME = "$(TARGET_NAME)";
				TEST_HOST = "$(BUILT_PRODUCTS_DIR)/Foursquare explorer.app/Foursquare explorer";
			};
			name = Debug;
		};
		41BEA0EA1B16372400634CE6 /* Release */ = {
			isa = XCBuildConfiguration;
			buildSettings = {
				BUNDLE_LOADER = "$(TEST_HOST)";
				FRAMEWORK_SEARCH_PATHS = (
					"$(SDKROOT)/Developer/Library/Frameworks",
					"$(inherited)",
				);
				INFOPLIST_FILE = "Foursquare explorerTests/Info.plist";
				LD_RUNPATH_SEARCH_PATHS = "$(inherited) @executable_path/Frameworks @loader_path/Frameworks";
				PRODUCT_NAME = "$(TARGET_NAME)";
				TEST_HOST = "$(BUILT_PRODUCTS_DIR)/Foursquare explorer.app/Foursquare explorer";
			};
			name = Release;
		};
/* End XCBuildConfiguration section */

/* Begin XCConfigurationList section */
		41BEA0BD1B16372400634CE6 /* Build configuration list for PBXProject "Foursquare explorer" */ = {
			isa = XCConfigurationList;
			buildConfigurations = (
				41BEA0E31B16372400634CE6 /* Debug */,
				41BEA0E41B16372400634CE6 /* Release */,
			);
			defaultConfigurationIsVisible = 0;
			defaultConfigurationName = Release;
		};
		41BEA0E51B16372400634CE6 /* Build configuration list for PBXNativeTarget "Foursquare explorer" */ = {
			isa = XCConfigurationList;
			buildConfigurations = (
				41BEA0E61B16372400634CE6 /* Debug */,
				41BEA0E71B16372400634CE6 /* Release */,
			);
			defaultConfigurationIsVisible = 0;
		};
		41BEA0E81B16372400634CE6 /* Build configuration list for PBXNativeTarget "Foursquare explorerTests" */ = {
			isa = XCConfigurationList;
			buildConfigurations = (
				41BEA0E91B16372400634CE6 /* Debug */,
				41BEA0EA1B16372400634CE6 /* Release */,
			);
			defaultConfigurationIsVisible = 0;
		};
/* End XCConfigurationList section */
	};
	rootObject = 41BEA0BA1B16372400634CE6 /* Project object */;
}
